PODS:
  - Flutter (1.0.0)
  - MediaPipeTasksGenAI (0.10.21):
    - MediaPipeTasksGenAIC (= 0.10.21)
  - MediaPipeTasksGenAIC (0.10.21)
  - OrderedSet (5.0.0)
  - path_provider_foundation (0.0.1):
    - Flutter
    - FlutterMacOS
  - zikzak_inappwebview_ios (1.1.0):
    - Flutter
    - OrderedSet (~> 5.0)
    - zikzak_inappwebview_ios/Core (= 1.1.0)
  - zikzak_inappwebview_ios/Core (1.1.0):
    - Flutter
    - OrderedSet (~> 5.0)

DEPENDENCIES:
  - Flutter (from `Flutter`)
  - MediaPipeTasksGenAI
  - MediaPipeTasksGenAIC
  - path_provider_foundation (from `.symlinks/plugins/path_provider_foundation/darwin`)
  - zikzak_inappwebview_ios (from `.symlinks/plugins/zikzak_inappwebview_ios/ios`)

SPEC REPOS:
  trunk:
    - MediaPipeTasksGenAI
    - MediaPipeTasksGenAIC
    - OrderedSet

EXTERNAL SOURCES:
  Flutter:
    :path: Flutter
  path_provider_foundation:
    :path: ".symlinks/plugins/path_provider_foundation/darwin"
  zikzak_inappwebview_ios:
    :path: ".symlinks/plugins/zikzak_inappwebview_ios/ios"

SPEC CHECKSUMS:
  Flutter: e0871f40cf51350855a761d2e70bf5af5b9b5de7
  MediaPipeTasksGenAI: 64f91ec1f2666abeb6dc719a8e8d1e2bf36374c0
  MediaPipeTasksGenAIC: 1df8d7c6fcbe797d2a04a514edd8b31445291ec8
  OrderedSet: aaeb196f7fef5a9edf55d89760da9176ad40b93c
  path_provider_foundation: 080d55be775b7414fd5a5ef3ac137b97b097e564
  zikzak_inappwebview_ios: 2d413abd48bcaf80cfa7af0619f3b1e752a2e1b9

PODFILE CHECKSUM: 05787a71d461685bf4c7c98d971f3e56a4fd52cf

COCOAPODS: 1.16.2
